
Microsoft Visual Studio Solution File, Format Version 12.00
# Visual Studio Version 17
VisualStudioVersion = 17.11.35327.3
MinimumVisualStudioVersion = 10.0.40219.1
Project("{FAE04EC0-301F-11D3-BF4B-00C04F79EFBC}") = "API", "API\API.csproj", "{7C7667B2-8908-4D13-A2A2-01C51BFE366E}"
EndProject
Global
	GlobalSection(SolutionConfigurationPlatforms) = preSolution
		Debug|Any CPU = Debug|Any CPU
		Release|Any CPU = Release|Any CPU
	EndGlobalSection
	GlobalSection(ProjectConfigurationPlatforms) = postSolution
		{7C7667B2-8908-4D13-A2A2-01C51BFE366E}.Debug|Any CPU.ActiveCfg = Debug|Any CPU
		{7C7667B2-8908-4D13-A2A2-01C51BFE366E}.Debug|Any CPU.Build.0 = Debug|Any CPU
		{7C7667B2-8908-4D13-A2A2-01C51BFE366E}.Release|Any CPU.ActiveCfg = Release|Any CPU
		{7C7667B2-8908-4D13-A2A2-01C51BFE366E}.Release|Any CPU.Build.0 = Release|Any CPU
	EndGlobalSection
	GlobalSection(SolutionProperties) = preSolution
		HideSolutionNode = FALSE
	EndGlobalSection
	GlobalSection(ExtensibilityGlobals) = postSolution
		SolutionGuid = {1A4795F9-F9B4-4122-8040-BC0443940CCC}
	EndGlobalSection
EndGlobal
